
Microsoft Visual Studio Solution File, Format Version 12.00
# Visual Studio 14
VisualStudioVersion = 14.0.25420.1
MinimumVisualStudioVersion = 10.0.40219.1
Project("{FAE04EC0-301F-11D3-BF4B-00C04F79EFBC}") = "MentorAddIn", "MentorAddIn\MentorAddIn.csproj", "{87A6F7C4-D3CB-4AA8-BE29-39FFDCCD940D}"
EndProject
Project("{FAE04EC0-301F-11D3-BF4B-00C04F79EFBC}") = "MentorAddInWeb", "MentorAddInWeb\MentorAddInWeb.csproj", "{8FCDA5DC-C209-472A-9BCE-303C314190E1}"
EndProject
Project("{2150E333-8FDC-42A3-9474-1A3956D46DE8}") = "readme", "readme", "{EB533E1D-FB1C-4E2E-BB72-8BE600955D8B}"
	ProjectSection(SolutionItems) = preProject
		.gitignore = .gitignore
		README.md = README.md
	EndProjectSection
EndProject
Global
	GlobalSection(SolutionConfigurationPlatforms) = preSolution
		Debug|Any CPU = Debug|Any CPU
		Debug|ARM = Debug|ARM
		Debug|x64 = Debug|x64
		Debug|x86 = Debug|x86
		Release|Any CPU = Release|Any CPU
		Release|ARM = Release|ARM
		Release|x64 = Release|x64
		Release|x86 = Release|x86
	EndGlobalSection
	GlobalSection(ProjectConfigurationPlatforms) = postSolution
		{87A6F7C4-D3CB-4AA8-BE29-39FFDCCD940D}.Debug|Any CPU.ActiveCfg = Debug|Any CPU
		{87A6F7C4-D3CB-4AA8-BE29-39FFDCCD940D}.Debug|Any CPU.Build.0 = Debug|Any CPU
		{87A6F7C4-D3CB-4AA8-BE29-39FFDCCD940D}.Debug|Any CPU.Deploy.0 = Debug|Any CPU
		{87A6F7C4-D3CB-4AA8-BE29-39FFDCCD940D}.Debug|ARM.ActiveCfg = Debug|Any CPU
		{87A6F7C4-D3CB-4AA8-BE29-39FFDCCD940D}.Debug|ARM.Build.0 = Debug|Any CPU
		{87A6F7C4-D3CB-4AA8-BE29-39FFDCCD940D}.Debug|ARM.Deploy.0 = Debug|Any CPU
		{87A6F7C4-D3CB-4AA8-BE29-39FFDCCD940D}.Debug|x64.ActiveCfg = Debug|Any CPU
		{87A6F7C4-D3CB-4AA8-BE29-39FFDCCD940D}.Debug|x64.Build.0 = Debug|Any CPU
		{87A6F7C4-D3CB-4AA8-BE29-39FFDCCD940D}.Debug|x64.Deploy.0 = Debug|Any CPU
		{87A6F7C4-D3CB-4AA8-BE29-39FFDCCD940D}.Debug|x86.ActiveCfg = Debug|Any CPU
		{87A6F7C4-D3CB-4AA8-BE29-39FFDCCD940D}.Debug|x86.Build.0 = Debug|Any CPU
		{87A6F7C4-D3CB-4AA8-BE29-39FFDCCD940D}.Debug|x86.Deploy.0 = Debug|Any CPU
		{87A6F7C4-D3CB-4AA8-BE29-39FFDCCD940D}.Release|Any CPU.ActiveCfg = Release|Any CPU
		{87A6F7C4-D3CB-4AA8-BE29-39FFDCCD940D}.Release|Any CPU.Build.0 = Release|Any CPU
		{87A6F7C4-D3CB-4AA8-BE29-39FFDCCD940D}.Release|Any CPU.Deploy.0 = Release|Any CPU
		{87A6F7C4-D3CB-4AA8-BE29-39FFDCCD940D}.Release|ARM.ActiveCfg = Release|Any CPU
		{87A6F7C4-D3CB-4AA8-BE29-39FFDCCD940D}.Release|ARM.Build.0 = Release|Any CPU
		{87A6F7C4-D3CB-4AA8-BE29-39FFDCCD940D}.Release|ARM.Deploy.0 = Release|Any CPU
		{87A6F7C4-D3CB-4AA8-BE29-39FFDCCD940D}.Release|x64.ActiveCfg = Release|Any CPU
		{87A6F7C4-D3CB-4AA8-BE29-39FFDCCD940D}.Release|x64.Build.0 = Release|Any CPU
		{87A6F7C4-D3CB-4AA8-BE29-39FFDCCD940D}.Release|x64.Deploy.0 = Release|Any CPU
		{87A6F7C4-D3CB-4AA8-BE29-39FFDCCD940D}.Release|x86.ActiveCfg = Release|Any CPU
		{87A6F7C4-D3CB-4AA8-BE29-39FFDCCD940D}.Release|x86.Build.0 = Release|Any CPU
		{87A6F7C4-D3CB-4AA8-BE29-39FFDCCD940D}.Release|x86.Deploy.0 = Release|Any CPU
		{8FCDA5DC-C209-472A-9BCE-303C314190E1}.Debug|Any CPU.ActiveCfg = Debug|Any CPU
		{8FCDA5DC-C209-472A-9BCE-303C314190E1}.Debug|Any CPU.Build.0 = Debug|Any CPU
		{8FCDA5DC-C209-472A-9BCE-303C314190E1}.Debug|ARM.ActiveCfg = Debug|Any CPU
		{8FCDA5DC-C209-472A-9BCE-303C314190E1}.Debug|ARM.Build.0 = Debug|Any CPU
		{8FCDA5DC-C209-472A-9BCE-303C314190E1}.Debug|x64.ActiveCfg = Debug|Any CPU
		{8FCDA5DC-C209-472A-9BCE-303C314190E1}.Debug|x64.Build.0 = Debug|Any CPU
		{8FCDA5DC-C209-472A-9BCE-303C314190E1}.Debug|x86.ActiveCfg = Debug|Any CPU
		{8FCDA5DC-C209-472A-9BCE-303C314190E1}.Debug|x86.Build.0 = Debug|Any CPU
		{8FCDA5DC-C209-472A-9BCE-303C314190E1}.Release|Any CPU.ActiveCfg = Release|Any CPU
		{8FCDA5DC-C209-472A-9BCE-303C314190E1}.Release|Any CPU.Build.0 = Release|Any CPU
		{8FCDA5DC-C209-472A-9BCE-303C314190E1}.Release|ARM.ActiveCfg = Release|Any CPU
		{8FCDA5DC-C209-472A-9BCE-303C314190E1}.Release|ARM.Build.0 = Release|Any CPU
		{8FCDA5DC-C209-472A-9BCE-303C314190E1}.Release|x64.ActiveCfg = Release|Any CPU
		{8FCDA5DC-C209-472A-9BCE-303C314190E1}.Release|x64.Build.0 = Release|Any CPU
		{8FCDA5DC-C209-472A-9BCE-303C314190E1}.Release|x86.ActiveCfg = Release|Any CPU
		{8FCDA5DC-C209-472A-9BCE-303C314190E1}.Release|x86.Build.0 = Release|Any CPU
	EndGlobalSection
	GlobalSection(SolutionProperties) = preSolution
		HideSolutionNode = FALSE
	EndGlobalSection
EndGlobal
